
Microsoft Visual Studio Solution File, Format Version 12.00
# Visual Studio Version 16
VisualStudioVersion = 16.0.30225.117
MinimumVisualStudioVersion = 10.0.40219.1
Project("{F184B08F-C81C-45F6-A57F-5ABD9991F28F}") = "MotorSales", "MotorSales\MotorSales.vbproj", "{9E24328B-0AD9-4E9B-87BB-B2EE73C6BDD0}"
EndProject
Global
	GlobalSection(SolutionConfigurationPlatforms) = preSolution
		Debug|Any CPU = Debug|Any CPU
		Release|Any CPU = Release|Any CPU
	EndGlobalSection
	GlobalSection(ProjectConfigurationPlatforms) = postSolution
		{9E24328B-0AD9-4E9B-87BB-B2EE73C6BDD0}.Debug|Any CPU.ActiveCfg = Debug|Any CPU
		{9E24328B-0AD9-4E9B-87BB-B2EE73C6BDD0}.Debug|Any CPU.Build.0 = Debug|Any CPU
		{9E24328B-0AD9-4E9B-87BB-B2EE73C6BDD0}.Release|Any CPU.ActiveCfg = Release|Any CPU
		{9E24328B-0AD9-4E9B-87BB-B2EE73C6BDD0}.Release|Any CPU.Build.0 = Release|Any CPU
	EndGlobalSection
	GlobalSection(SolutionProperties) = preSolution
		HideSolutionNode = FALSE
	EndGlobalSection
	GlobalSection(ExtensibilityGlobals) = postSolution
		SolutionGuid = {D04D130A-F19D-4B3B-81C7-F1CE1D44283E}
	EndGlobalSection
EndGlobal
